
Microsoft Visual Studio Solution File, Format Version 12.00
# Visual Studio Version 17
VisualStudioVersion = 17.9.34902.65
MinimumVisualStudioVersion = 10.0.40219.1
Project("{2150E333-8FDC-42A3-9474-1A3956D46DE8}") = "_libs", "_libs", "{51BBBC5D-4331-4859-814A-253CBD6227B4}"
EndProject
Project("{FAE04EC0-301F-11D3-BF4B-00C04F79EFBC}") = "Onmed.WebApi", "src\Onmed.WebApi\Onmed.WebApi.csproj", "{B1127A19-6460-461A-BAF7-8AB73BB1DE72}"
EndProject
Project("{2150E333-8FDC-42A3-9474-1A3956D46DE8}") = "ltg", "ltg", "{5345021E-9AE7-4313-A883-CF847D58F0AE}"
EndProject
Project("{2150E333-8FDC-42A3-9474-1A3956D46DE8}") = "tests", "tests", "{4B079875-E2D7-400B-A68D-640DC9528536}"
EndProject
Project("{2150E333-8FDC-42A3-9474-1A3956D46DE8}") = "tools", "tools", "{69AAAF21-03AC-440C-AD5B-7C1449853846}"
EndProject
Project("{2150E333-8FDC-42A3-9474-1A3956D46DE8}") = "core", "core", "{E0E44185-0933-40ED-95A5-5FD7679957C0}"
EndProject
Project("{2150E333-8FDC-42A3-9474-1A3956D46DE8}") = "mq", "mq", "{CBEE5FE3-EB55-4171-885A-5AE3AEB5C26E}"
EndProject
Project("{2150E333-8FDC-42A3-9474-1A3956D46DE8}") = "pck", "pck", "{BD32418A-633E-4201-9F1C-2E88050065F9}"
EndProject
Project("{2150E333-8FDC-42A3-9474-1A3956D46DE8}") = "sdk", "sdk", "{05AA2592-91C9-443D-BC46-0375875F7A3A}"
EndProject
Project("{FAE04EC0-301F-11D3-BF4B-00C04F79EFBC}") = "Onmed.BizLogicLayer", "src\libs\Onmed.BizLogicLayer\Onmed.BizLogicLayer.csproj", "{4AE09AAC-D084-48C5-B408-E4CC35660D43}"
EndProject
Project("{FAE04EC0-301F-11D3-BF4B-00C04F79EFBC}") = "Onmed.Core", "src\libs\Onmed.Core\Onmed.Core.csproj", "{B60897DD-C463-4AA3-B709-19811651BD4E}"
EndProject
Project("{FAE04EC0-301F-11D3-BF4B-00C04F79EFBC}") = "Onmed.DataLayer", "src\libs\Onmed.DataLayer\Onmed.DataLayer.csproj", "{3C20AF89-DD4E-4EB5-8280-801BA78D04CE}"
EndProject
Project("{FAE04EC0-301F-11D3-BF4B-00C04F79EFBC}") = "Onmed.DataLayer.PlSql", "src\libs\Onmed.DataLayer.PlSql\Onmed.DataLayer.PlSql.csproj", "{15455933-8D38-4DE7-A034-C12C8D511E68}"
EndProject
Project("{9A19103F-16F7-4668-BE54-9A1E7A4F7556}") = "Onmed.Core", "..\onmed-core\core\Onmed.Core\Onmed.Core.csproj", "{FD8DEF62-6D43-45D1-B0EE-9CB03F615CA2}"
EndProject
Project("{9A19103F-16F7-4668-BE54-9A1E7A4F7556}") = "Onmed.RabbitMQ", "..\onmed-core\mq\Onmed.RabbitMQ\Onmed.RabbitMQ.csproj", "{E2079B42-3810-4AF6-8BBC-76D06383F966}"
EndProject
Global
	GlobalSection(SolutionConfigurationPlatforms) = preSolution
		Debug|Any CPU = Debug|Any CPU
		Release|Any CPU = Release|Any CPU
	EndGlobalSection
	GlobalSection(ProjectConfigurationPlatforms) = postSolution
		{B1127A19-6460-461A-BAF7-8AB73BB1DE72}.Debug|Any CPU.ActiveCfg = Debug|Any CPU
		{B1127A19-6460-461A-BAF7-8AB73BB1DE72}.Debug|Any CPU.Build.0 = Debug|Any CPU
		{B1127A19-6460-461A-BAF7-8AB73BB1DE72}.Release|Any CPU.ActiveCfg = Release|Any CPU
		{B1127A19-6460-461A-BAF7-8AB73BB1DE72}.Release|Any CPU.Build.0 = Release|Any CPU
		{4AE09AAC-D084-48C5-B408-E4CC35660D43}.Debug|Any CPU.ActiveCfg = Debug|Any CPU
		{4AE09AAC-D084-48C5-B408-E4CC35660D43}.Debug|Any CPU.Build.0 = Debug|Any CPU
		{4AE09AAC-D084-48C5-B408-E4CC35660D43}.Release|Any CPU.ActiveCfg = Release|Any CPU
		{4AE09AAC-D084-48C5-B408-E4CC35660D43}.Release|Any CPU.Build.0 = Release|Any CPU
		{B60897DD-C463-4AA3-B709-19811651BD4E}.Debug|Any CPU.ActiveCfg = Debug|Any CPU
		{B60897DD-C463-4AA3-B709-19811651BD4E}.Debug|Any CPU.Build.0 = Debug|Any CPU
		{B60897DD-C463-4AA3-B709-19811651BD4E}.Release|Any CPU.ActiveCfg = Release|Any CPU
		{B60897DD-C463-4AA3-B709-19811651BD4E}.Release|Any CPU.Build.0 = Release|Any CPU
		{3C20AF89-DD4E-4EB5-8280-801BA78D04CE}.Debug|Any CPU.ActiveCfg = Debug|Any CPU
		{3C20AF89-DD4E-4EB5-8280-801BA78D04CE}.Debug|Any CPU.Build.0 = Debug|Any CPU
		{3C20AF89-DD4E-4EB5-8280-801BA78D04CE}.Release|Any CPU.ActiveCfg = Release|Any CPU
		{3C20AF89-DD4E-4EB5-8280-801BA78D04CE}.Release|Any CPU.Build.0 = Release|Any CPU
		{15455933-8D38-4DE7-A034-C12C8D511E68}.Debug|Any CPU.ActiveCfg = Debug|Any CPU
		{15455933-8D38-4DE7-A034-C12C8D511E68}.Debug|Any CPU.Build.0 = Debug|Any CPU
		{15455933-8D38-4DE7-A034-C12C8D511E68}.Release|Any CPU.ActiveCfg = Release|Any CPU
		{15455933-8D38-4DE7-A034-C12C8D511E68}.Release|Any CPU.Build.0 = Release|Any CPU
		{FD8DEF62-6D43-45D1-B0EE-9CB03F615CA2}.Debug|Any CPU.ActiveCfg = Debug|Any CPU
		{FD8DEF62-6D43-45D1-B0EE-9CB03F615CA2}.Debug|Any CPU.Build.0 = Debug|Any CPU
		{FD8DEF62-6D43-45D1-B0EE-9CB03F615CA2}.Release|Any CPU.ActiveCfg = Release|Any CPU
		{FD8DEF62-6D43-45D1-B0EE-9CB03F615CA2}.Release|Any CPU.Build.0 = Release|Any CPU
		{E2079B42-3810-4AF6-8BBC-76D06383F966}.Debug|Any CPU.ActiveCfg = Debug|Any CPU
		{E2079B42-3810-4AF6-8BBC-76D06383F966}.Debug|Any CPU.Build.0 = Debug|Any CPU
		{E2079B42-3810-4AF6-8BBC-76D06383F966}.Release|Any CPU.ActiveCfg = Release|Any CPU
		{E2079B42-3810-4AF6-8BBC-76D06383F966}.Release|Any CPU.Build.0 = Release|Any CPU
	EndGlobalSection
	GlobalSection(SolutionProperties) = preSolution
		HideSolutionNode = FALSE
	EndGlobalSection
	GlobalSection(NestedProjects) = preSolution
		{E0E44185-0933-40ED-95A5-5FD7679957C0} = {51BBBC5D-4331-4859-814A-253CBD6227B4}
		{CBEE5FE3-EB55-4171-885A-5AE3AEB5C26E} = {51BBBC5D-4331-4859-814A-253CBD6227B4}
		{BD32418A-633E-4201-9F1C-2E88050065F9} = {51BBBC5D-4331-4859-814A-253CBD6227B4}
		{05AA2592-91C9-443D-BC46-0375875F7A3A} = {51BBBC5D-4331-4859-814A-253CBD6227B4}
		{4AE09AAC-D084-48C5-B408-E4CC35660D43} = {51BBBC5D-4331-4859-814A-253CBD6227B4}
		{B60897DD-C463-4AA3-B709-19811651BD4E} = {51BBBC5D-4331-4859-814A-253CBD6227B4}
		{3C20AF89-DD4E-4EB5-8280-801BA78D04CE} = {51BBBC5D-4331-4859-814A-253CBD6227B4}
		{15455933-8D38-4DE7-A034-C12C8D511E68} = {51BBBC5D-4331-4859-814A-253CBD6227B4}
		{FD8DEF62-6D43-45D1-B0EE-9CB03F615CA2} = {E0E44185-0933-40ED-95A5-5FD7679957C0}
		{E2079B42-3810-4AF6-8BBC-76D06383F966} = {CBEE5FE3-EB55-4171-885A-5AE3AEB5C26E}
	EndGlobalSection
	GlobalSection(ExtensibilityGlobals) = postSolution
		SolutionGuid = {F31471CB-D6BB-457E-A7C0-5066E13668AF}
	EndGlobalSection
EndGlobal
